
Microsoft Visual Studio Solution File, Format Version 12.00
# Visual Studio Version 17
VisualStudioVersion = 17.13.35931.197
MinimumVisualStudioVersion = 10.0.40219.1
Project("{FAE04EC0-301F-11D3-BF4B-00C04F79EFBC}") = "KioskCenter", "KioskCenter.csproj", "{DD23ED3C-2CD8-4B91-990B-F2AEC27071EF}"
EndProject
Global
	GlobalSection(SolutionConfigurationPlatforms) = preSolution
		Debug|Any CPU = Debug|Any CPU
		Release|Any CPU = Release|Any CPU
	EndGlobalSection
	GlobalSection(ProjectConfigurationPlatforms) = postSolution
		{DD23ED3C-2CD8-4B91-990B-F2AEC27071EF}.Debug|Any CPU.ActiveCfg = Debug|Any CPU
		{DD23ED3C-2CD8-4B91-990B-F2AEC27071EF}.Debug|Any CPU.Build.0 = Debug|Any CPU
		{DD23ED3C-2CD8-4B91-990B-F2AEC27071EF}.Release|Any CPU.ActiveCfg = Release|Any CPU
		{DD23ED3C-2CD8-4B91-990B-F2AEC27071EF}.Release|Any CPU.Build.0 = Release|Any CPU
	EndGlobalSection
	GlobalSection(SolutionProperties) = preSolution
		HideSolutionNode = FALSE
	EndGlobalSection
	GlobalSection(ExtensibilityGlobals) = postSolution
		SolutionGuid = {82B0A468-A6C4-44D8-8AF4-AA576610D039}
	EndGlobalSection
EndGlobal
